# This file is automatically @generated by Cargo.
# It is not intended for manual editing.
version = 3

[[package]]
name = "ahash"
version = "0.4.7"
source = "registry+https://github.com/rust-lang/crates.io-index"
checksum = "739f4a8db6605981345c5654f3a85b056ce52f37a39d34da03f25bf2151ea16e"

[[package]]
name = "cc"
version = "1.0.72"
source = "registry+https://github.com/rust-lang/crates.io-index"
checksum = "22a9137b95ea06864e018375b72adfb7db6e6f68cfc8df5a04d00288050485ee"

[[package]]
name = "cfg-if"
version = "1.0.0"
source = "registry+https://github.com/rust-lang/crates.io-index"
checksum = "baf1de4339761588bc0619e3cbc0120ee582ebb74b53b4efbf79117bd2da40fd"

[[package]]
name = "cranelift-bforest"
version = "0.78.0"
dependencies = [
 "cranelift-entity 0.78.0",
]

[[package]]
name = "cranelift-codegen"
version = "0.78.0"
dependencies = [
 "cranelift-bforest",
 "cranelift-codegen-meta",
 "cranelift-codegen-shared 0.78.0",
 "cranelift-entity 0.78.0",
 "hashbrown",
 "log",
 "regalloc",
 "sgx_tstd",
 "smallvec",
 "target-lexicon",
]

[[package]]
name = "cranelift-codegen-meta"
version = "0.78.0"
source = "registry+https://github.com/rust-lang/crates.io-index"
checksum = "793f6a94a053a55404ea16e1700202a88101672b8cd6b4df63e13cde950852bf"
dependencies = [
 "cranelift-codegen-shared 0.78.0 (registry+https://github.com/rust-lang/crates.io-index)",
 "cranelift-entity 0.78.0 (registry+https://github.com/rust-lang/crates.io-index)",
]

[[package]]
name = "cranelift-codegen-shared"
version = "0.78.0"
dependencies = [
 "sgx_tstd",
]

[[package]]
name = "cranelift-codegen-shared"
version = "0.78.0"
source = "registry+https://github.com/rust-lang/crates.io-index"
checksum = "44aa1846df275bce5eb30379d65964c7afc63c05a117076e62a119c25fe174be"

[[package]]
name = "cranelift-entity"
version = "0.78.0"
dependencies = [
 "sgx_tstd",
]

[[package]]
name = "cranelift-entity"
version = "0.78.0"
source = "registry+https://github.com/rust-lang/crates.io-index"
checksum = "a3a45d8d6318bf8fc518154d9298eab2a8154ec068a8885ff113f6db8d69bb3a"

[[package]]
name = "cranelift-frontend"
version = "0.78.0"
dependencies = [
 "cranelift-codegen",
 "hashbrown",
 "log",
 "sgx_tstd",
 "smallvec",
 "target-lexicon",
]

[[package]]
name = "hashbrown"
version = "0.9.1"
source = "registry+https://github.com/rust-lang/crates.io-index"
checksum = "d7afe4a420e3fe79967a00898cc1f4db7c8a49a9333a29f8a4bd76a253d5cd04"
dependencies = [
 "ahash",
]

[[package]]
name = "hashbrown_tstd"
version = "0.11.2"
source = "git+https://github.com/apache/incubator-teaclave-sgx-sdk?rev=v1.1.4#863378876c55025084572e22554bbedd57eead97"

[[package]]
name = "log"
version = "0.4.14"
source = "git+https://github.com/mesalock-linux/log-sgx#2ca9039a9ebba0ed90ed2ad57425917d4b3a2a24"
dependencies = [
 "cfg-if",
]

[[package]]
name = "regalloc"
version = "0.0.32"
dependencies = [
 "log",
 "rustc-hash",
 "sgx_tstd",
 "smallvec",
]

[[package]]
name = "rustc-hash"
version = "1.1.0"
dependencies = [
 "sgx_tstd",
]

[[package]]
name = "sgx_alloc"
version = "1.1.4"
source = "git+https://github.com/apache/incubator-teaclave-sgx-sdk?rev=v1.1.4#863378876c55025084572e22554bbedd57eead97"

[[package]]
name = "sgx_backtrace_sys"
version = "1.1.4"
source = "git+https://github.com/apache/incubator-teaclave-sgx-sdk?rev=v1.1.4#863378876c55025084572e22554bbedd57eead97"
dependencies = [
 "cc",
 "sgx_build_helper",
 "sgx_libc",
]

[[package]]
name = "sgx_build_helper"
version = "1.1.4"
source = "git+https://github.com/apache/incubator-teaclave-sgx-sdk?rev=v1.1.4#863378876c55025084572e22554bbedd57eead97"

[[package]]
name = "sgx_demangle"
version = "1.1.4"
source = "git+https://github.com/apache/incubator-teaclave-sgx-sdk?rev=v1.1.4#863378876c55025084572e22554bbedd57eead97"

[[package]]
name = "sgx_libc"
version = "1.1.4"
source = "git+https://github.com/apache/incubator-teaclave-sgx-sdk?rev=v1.1.4#863378876c55025084572e22554bbedd57eead97"
dependencies = [
 "sgx_types",
]

[[package]]
name = "sgx_tprotected_fs"
version = "1.1.4"
source = "git+https://github.com/apache/incubator-teaclave-sgx-sdk?rev=v1.1.4#863378876c55025084572e22554bbedd57eead97"
dependencies = [
 "sgx_trts",
 "sgx_types",
]

[[package]]
name = "sgx_trts"
version = "1.1.4"
source = "git+https://github.com/apache/incubator-teaclave-sgx-sdk?rev=v1.1.4#863378876c55025084572e22554bbedd57eead97"
dependencies = [
 "sgx_libc",
 "sgx_types",
]

[[package]]
name = "sgx_tstd"
version = "1.1.4"
source = "git+https://github.com/apache/incubator-teaclave-sgx-sdk?rev=v1.1.4#863378876c55025084572e22554bbedd57eead97"
dependencies = [
 "hashbrown_tstd",
 "sgx_alloc",
 "sgx_backtrace_sys",
 "sgx_demangle",
 "sgx_libc",
 "sgx_tprotected_fs",
 "sgx_trts",
 "sgx_types",
 "sgx_unwind",
]

[[package]]
name = "sgx_types"
version = "1.1.4"
source = "git+https://github.com/apache/incubator-teaclave-sgx-sdk?rev=v1.1.4#863378876c55025084572e22554bbedd57eead97"

[[package]]
name = "sgx_unwind"
version = "1.1.4"
source = "git+https://github.com/apache/incubator-teaclave-sgx-sdk?rev=v1.1.4#863378876c55025084572e22554bbedd57eead97"
dependencies = [
 "sgx_build_helper",
]

[[package]]
name = "smallvec"
version = "1.7.0"
source = "registry+https://github.com/rust-lang/crates.io-index"
checksum = "1ecab6c735a6bb4139c0caafd0cc3635748bbb3acf4550e8138122099251f309"

[[package]]
name = "target-lexicon"
version = "0.12.2"
source = "registry+https://github.com/rust-lang/crates.io-index"
checksum = "d9bffcddbc2458fa3e6058414599e3c838a022abae82e5c67b4f7f80298d5bff"
