# This file is automatically @generated by Cargo.
# It is not intended for manual editing.
version = 3

[[package]]
name = "cc"
version = "1.0.72"
source = "registry+https://github.com/rust-lang/crates.io-index"
checksum = "22a9137b95ea06864e018375b72adfb7db6e6f68cfc8df5a04d00288050485ee"

[[package]]
name = "hashbrown_tstd"
version = "0.11.2"
source = "git+https://github.com/apache/incubator-teaclave-sgx-sdk?rev=v1.1.4#a1dd97696ce8dff0f3fceadaefb39af92f10d20c"

[[package]]
name = "libc"
version = "0.2.65"
source = "registry+https://github.com/rust-lang/crates.io-index"
checksum = "1a31a0627fdf1f6a39ec0dd577e101440b7db22672c0901fe00a9a6fbb5c24e8"

[[package]]
name = "num_cpus"
version = "1.13.0"
dependencies = [
 "libc",
 "sgx_tstd",
]

[[package]]
name = "sgx_alloc"
version = "1.1.4"
source = "git+https://github.com/apache/incubator-teaclave-sgx-sdk?rev=v1.1.4#a1dd97696ce8dff0f3fceadaefb39af92f10d20c"

[[package]]
name = "sgx_backtrace_sys"
version = "1.1.4"
source = "git+https://github.com/apache/incubator-teaclave-sgx-sdk?rev=v1.1.4#a1dd97696ce8dff0f3fceadaefb39af92f10d20c"
dependencies = [
 "cc",
 "sgx_build_helper",
 "sgx_libc",
]

[[package]]
name = "sgx_build_helper"
version = "1.1.4"
source = "git+https://github.com/apache/incubator-teaclave-sgx-sdk?rev=v1.1.4#a1dd97696ce8dff0f3fceadaefb39af92f10d20c"

[[package]]
name = "sgx_demangle"
version = "1.1.4"
source = "git+https://github.com/apache/incubator-teaclave-sgx-sdk?rev=v1.1.4#a1dd97696ce8dff0f3fceadaefb39af92f10d20c"

[[package]]
name = "sgx_libc"
version = "1.1.4"
source = "git+https://github.com/apache/incubator-teaclave-sgx-sdk?rev=v1.1.4#a1dd97696ce8dff0f3fceadaefb39af92f10d20c"
dependencies = [
 "sgx_types",
]

[[package]]
name = "sgx_tprotected_fs"
version = "1.1.4"
source = "git+https://github.com/apache/incubator-teaclave-sgx-sdk?rev=v1.1.4#a1dd97696ce8dff0f3fceadaefb39af92f10d20c"
dependencies = [
 "sgx_trts",
 "sgx_types",
]

[[package]]
name = "sgx_trts"
version = "1.1.4"
source = "git+https://github.com/apache/incubator-teaclave-sgx-sdk?rev=v1.1.4#a1dd97696ce8dff0f3fceadaefb39af92f10d20c"
dependencies = [
 "sgx_libc",
 "sgx_types",
]

[[package]]
name = "sgx_tstd"
version = "1.1.4"
source = "git+https://github.com/apache/incubator-teaclave-sgx-sdk?rev=v1.1.4#a1dd97696ce8dff0f3fceadaefb39af92f10d20c"
dependencies = [
 "hashbrown_tstd",
 "sgx_alloc",
 "sgx_backtrace_sys",
 "sgx_demangle",
 "sgx_libc",
 "sgx_tprotected_fs",
 "sgx_trts",
 "sgx_types",
 "sgx_unwind",
]

[[package]]
name = "sgx_types"
version = "1.1.4"
source = "git+https://github.com/apache/incubator-teaclave-sgx-sdk?rev=v1.1.4#a1dd97696ce8dff0f3fceadaefb39af92f10d20c"

[[package]]
name = "sgx_unwind"
version = "1.1.4"
source = "git+https://github.com/apache/incubator-teaclave-sgx-sdk?rev=v1.1.4#a1dd97696ce8dff0f3fceadaefb39af92f10d20c"
dependencies = [
 "sgx_build_helper",
]
