# This file is automatically @generated by Cargo.
# It is not intended for manual editing.
version = 3

[[package]]
name = "cc"
version = "1.0.72"
source = "registry+https://github.com/rust-lang/crates.io-index"
checksum = "22a9137b95ea06864e018375b72adfb7db6e6f68cfc8df5a04d00288050485ee"

[[package]]
name = "hashbrown_tstd"
version = "0.11.2"
source = "git+https://github.com/apache/incubator-teaclave-sgx-sdk?rev=v1.1.4#863378876c55025084572e22554bbedd57eead97"

[[package]]
name = "leb128"
version = "0.2.5"
source = "git+https://github.com/bzy-debug/ported-crates#aa94a878cbf5787ed08b326f91dbd0db2da270b9"
dependencies = [
 "sgx_tstd",
]

[[package]]
name = "sgx_alloc"
version = "1.1.4"
source = "git+https://github.com/apache/incubator-teaclave-sgx-sdk?rev=v1.1.4#863378876c55025084572e22554bbedd57eead97"

[[package]]
name = "sgx_backtrace_sys"
version = "1.1.4"
source = "git+https://github.com/apache/incubator-teaclave-sgx-sdk?rev=v1.1.4#863378876c55025084572e22554bbedd57eead97"
dependencies = [
 "cc",
 "sgx_build_helper",
 "sgx_libc",
]

[[package]]
name = "sgx_build_helper"
version = "1.1.4"
source = "git+https://github.com/apache/incubator-teaclave-sgx-sdk?rev=v1.1.4#863378876c55025084572e22554bbedd57eead97"

[[package]]
name = "sgx_demangle"
version = "1.1.4"
source = "git+https://github.com/apache/incubator-teaclave-sgx-sdk?rev=v1.1.4#863378876c55025084572e22554bbedd57eead97"

[[package]]
name = "sgx_libc"
version = "1.1.4"
source = "git+https://github.com/apache/incubator-teaclave-sgx-sdk?rev=v1.1.4#863378876c55025084572e22554bbedd57eead97"
dependencies = [
 "sgx_types",
]

[[package]]
name = "sgx_tprotected_fs"
version = "1.1.4"
source = "git+https://github.com/apache/incubator-teaclave-sgx-sdk?rev=v1.1.4#863378876c55025084572e22554bbedd57eead97"
dependencies = [
 "sgx_trts",
 "sgx_types",
]

[[package]]
name = "sgx_trts"
version = "1.1.4"
source = "git+https://github.com/apache/incubator-teaclave-sgx-sdk?rev=v1.1.4#863378876c55025084572e22554bbedd57eead97"
dependencies = [
 "sgx_libc",
 "sgx_types",
]

[[package]]
name = "sgx_tstd"
version = "1.1.4"
source = "git+https://github.com/apache/incubator-teaclave-sgx-sdk?rev=v1.1.4#863378876c55025084572e22554bbedd57eead97"
dependencies = [
 "hashbrown_tstd",
 "sgx_alloc",
 "sgx_backtrace_sys",
 "sgx_demangle",
 "sgx_libc",
 "sgx_tprotected_fs",
 "sgx_trts",
 "sgx_types",
 "sgx_unwind",
]

[[package]]
name = "sgx_types"
version = "1.1.4"
source = "git+https://github.com/apache/incubator-teaclave-sgx-sdk?rev=v1.1.4#863378876c55025084572e22554bbedd57eead97"

[[package]]
name = "sgx_unwind"
version = "1.1.4"
source = "git+https://github.com/apache/incubator-teaclave-sgx-sdk?rev=v1.1.4#863378876c55025084572e22554bbedd57eead97"
dependencies = [
 "sgx_build_helper",
]

[[package]]
name = "wast"
version = "38.0.1"
dependencies = [
 "leb128",
 "sgx_tstd",
]
