# This file is automatically @generated by Cargo.
# It is not intended for manual editing.
version = 3

[[package]]
name = "cc"
version = "1.0.72"
source = "registry+https://github.com/rust-lang/crates.io-index"
checksum = "22a9137b95ea06864e018375b72adfb7db6e6f68cfc8df5a04d00288050485ee"

[[package]]
name = "cfg-if"
version = "1.0.0"
source = "registry+https://github.com/rust-lang/crates.io-index"
checksum = "baf1de4339761588bc0619e3cbc0120ee582ebb74b53b4efbf79117bd2da40fd"

[[package]]
name = "getrandom"
version = "0.2.3"
dependencies = [
 "cfg-if",
 "libc",
 "sgx_tstd",
]

[[package]]
name = "hashbrown_tstd"
version = "0.11.2"
source = "git+https://github.com/apache/incubator-teaclave-sgx-sdk?rev=v1.1.4#a1dd97696ce8dff0f3fceadaefb39af92f10d20c"

[[package]]
name = "libc"
version = "0.2.112"
source = "registry+https://github.com/rust-lang/crates.io-index"
checksum = "1b03d17f364a3a042d5e5d46b053bbbf82c92c9430c592dd4c064dc6ee997125"

[[package]]
name = "proc-macro2"
version = "1.0.36"
source = "registry+https://github.com/rust-lang/crates.io-index"
checksum = "c7342d5883fbccae1cc37a2353b09c87c9b0f3afd73f5fb9bba687a1f733b029"
dependencies = [
 "unicode-xid",
]

[[package]]
name = "quote"
version = "1.0.14"
source = "registry+https://github.com/rust-lang/crates.io-index"
checksum = "47aa80447ce4daf1717500037052af176af5d38cc3e571d9ec1c7353fc10c87d"
dependencies = [
 "proc-macro2",
]

[[package]]
name = "rand_core"
version = "0.6.3"
dependencies = [
 "getrandom",
 "serde",
 "sgx_tstd",
]

[[package]]
name = "serde"
version = "1.0.118"
dependencies = [
 "serde_derive",
 "sgx_tstd",
]

[[package]]
name = "serde_derive"
version = "1.0.118"
dependencies = [
 "proc-macro2",
 "quote",
 "syn",
]

[[package]]
name = "sgx_alloc"
version = "1.1.4"
source = "git+https://github.com/apache/incubator-teaclave-sgx-sdk?rev=v1.1.4#a1dd97696ce8dff0f3fceadaefb39af92f10d20c"

[[package]]
name = "sgx_backtrace_sys"
version = "1.1.4"
source = "git+https://github.com/apache/incubator-teaclave-sgx-sdk?rev=v1.1.4#a1dd97696ce8dff0f3fceadaefb39af92f10d20c"
dependencies = [
 "cc",
 "sgx_build_helper",
 "sgx_libc",
]

[[package]]
name = "sgx_build_helper"
version = "1.1.4"
source = "git+https://github.com/apache/incubator-teaclave-sgx-sdk?rev=v1.1.4#a1dd97696ce8dff0f3fceadaefb39af92f10d20c"

[[package]]
name = "sgx_demangle"
version = "1.1.4"
source = "git+https://github.com/apache/incubator-teaclave-sgx-sdk?rev=v1.1.4#a1dd97696ce8dff0f3fceadaefb39af92f10d20c"

[[package]]
name = "sgx_libc"
version = "1.1.4"
source = "git+https://github.com/apache/incubator-teaclave-sgx-sdk?rev=v1.1.4#a1dd97696ce8dff0f3fceadaefb39af92f10d20c"
dependencies = [
 "sgx_types",
]

[[package]]
name = "sgx_tprotected_fs"
version = "1.1.4"
source = "git+https://github.com/apache/incubator-teaclave-sgx-sdk?rev=v1.1.4#a1dd97696ce8dff0f3fceadaefb39af92f10d20c"
dependencies = [
 "sgx_trts",
 "sgx_types",
]

[[package]]
name = "sgx_trts"
version = "1.1.4"
source = "git+https://github.com/apache/incubator-teaclave-sgx-sdk?rev=v1.1.4#a1dd97696ce8dff0f3fceadaefb39af92f10d20c"
dependencies = [
 "sgx_libc",
 "sgx_types",
]

[[package]]
name = "sgx_tstd"
version = "1.1.4"
source = "git+https://github.com/apache/incubator-teaclave-sgx-sdk?rev=v1.1.4#a1dd97696ce8dff0f3fceadaefb39af92f10d20c"
dependencies = [
 "hashbrown_tstd",
 "sgx_alloc",
 "sgx_backtrace_sys",
 "sgx_demangle",
 "sgx_libc",
 "sgx_tprotected_fs",
 "sgx_trts",
 "sgx_types",
 "sgx_unwind",
]

[[package]]
name = "sgx_types"
version = "1.1.4"
source = "git+https://github.com/apache/incubator-teaclave-sgx-sdk?rev=v1.1.4#a1dd97696ce8dff0f3fceadaefb39af92f10d20c"

[[package]]
name = "sgx_unwind"
version = "1.1.4"
source = "git+https://github.com/apache/incubator-teaclave-sgx-sdk?rev=v1.1.4#a1dd97696ce8dff0f3fceadaefb39af92f10d20c"
dependencies = [
 "sgx_build_helper",
]

[[package]]
name = "syn"
version = "1.0.84"
source = "registry+https://github.com/rust-lang/crates.io-index"
checksum = "ecb2e6da8ee5eb9a61068762a32fa9619cc591ceb055b3687f4cd4051ec2e06b"
dependencies = [
 "proc-macro2",
 "quote",
 "unicode-xid",
]

[[package]]
name = "unicode-xid"
version = "0.2.2"
source = "registry+https://github.com/rust-lang/crates.io-index"
checksum = "8ccb82d61f80a663efe1f787a51b16b5a51e3314d6ac365b08639f52387b33f3"
